
Microsoft Visual Studio Solution File, Format Version 12.00
# Visual Studio Version 17
VisualStudioVersion = 17.0.32002.185
MinimumVisualStudioVersion = 10.0.40219.1
Project("{FAE04EC0-301F-11D3-BF4B-00C04F79EFBC}") = "Hair-Salon-API", "Hair-Salon-API\Hair-Salon-API.csproj", "{9A5295AB-0AAD-44DF-8D19-D53F341E20EF}"
EndProject
Global
	GlobalSection(SolutionConfigurationPlatforms) = preSolution
		Debug|Any CPU = Debug|Any CPU
		Release|Any CPU = Release|Any CPU
	EndGlobalSection
	GlobalSection(ProjectConfigurationPlatforms) = postSolution
		{9A5295AB-0AAD-44DF-8D19-D53F341E20EF}.Debug|Any CPU.ActiveCfg = Debug|Any CPU
		{9A5295AB-0AAD-44DF-8D19-D53F341E20EF}.Debug|Any CPU.Build.0 = Debug|Any CPU
		{9A5295AB-0AAD-44DF-8D19-D53F341E20EF}.Release|Any CPU.ActiveCfg = Release|Any CPU
		{9A5295AB-0AAD-44DF-8D19-D53F341E20EF}.Release|Any CPU.Build.0 = Release|Any CPU
	EndGlobalSection
	GlobalSection(SolutionProperties) = preSolution
		HideSolutionNode = FALSE
	EndGlobalSection
	GlobalSection(ExtensibilityGlobals) = postSolution
		SolutionGuid = {A87CFF5A-7F4B-4C3C-ADF4-BC1A6B2E149F}
	EndGlobalSection
EndGlobal
