
Microsoft Visual Studio Solution File, Format Version 12.00
# Visual Studio Version 17
VisualStudioVersion = 17.0.32002.185
MinimumVisualStudioVersion = 10.0.40219.1
Project("{9A19103F-16F7-4668-BE54-9A1E7A4F7556}") = "Hair-Salon-API", "Hair-Salon-API\Hair-Salon-API.csproj", "{9A5295AB-0AAD-44DF-8D19-D53F341E20EF}"
EndProject
Project("{FAE04EC0-301F-11D3-BF4B-00C04F79EFBC}") = "Hair-Salon-API.DAL", "Hair-Salon-API.DAL\Hair-Salon-API.DAL.csproj", "{0A27C808-1711-40E6-A630-9C65DEC87734}"
EndProject
Project("{FAE04EC0-301F-11D3-BF4B-00C04F79EFBC}") = "Hair-Salon-API.Services", "Hair-Salon-API.Services\Hair-Salon-API.Services.csproj", "{63A7B185-62C3-47EC-ACF2-1A88FC82532F}"
EndProject
Global
	GlobalSection(SolutionConfigurationPlatforms) = preSolution
		Debug|Any CPU = Debug|Any CPU
		Release|Any CPU = Release|Any CPU
	EndGlobalSection
	GlobalSection(ProjectConfigurationPlatforms) = postSolution
		{9A5295AB-0AAD-44DF-8D19-D53F341E20EF}.Debug|Any CPU.ActiveCfg = Debug|Any CPU
		{9A5295AB-0AAD-44DF-8D19-D53F341E20EF}.Debug|Any CPU.Build.0 = Debug|Any CPU
		{9A5295AB-0AAD-44DF-8D19-D53F341E20EF}.Release|Any CPU.ActiveCfg = Release|Any CPU
		{9A5295AB-0AAD-44DF-8D19-D53F341E20EF}.Release|Any CPU.Build.0 = Release|Any CPU
		{0A27C808-1711-40E6-A630-9C65DEC87734}.Debug|Any CPU.ActiveCfg = Debug|Any CPU
		{0A27C808-1711-40E6-A630-9C65DEC87734}.Debug|Any CPU.Build.0 = Debug|Any CPU
		{0A27C808-1711-40E6-A630-9C65DEC87734}.Release|Any CPU.ActiveCfg = Release|Any CPU
		{0A27C808-1711-40E6-A630-9C65DEC87734}.Release|Any CPU.Build.0 = Release|Any CPU
		{63A7B185-62C3-47EC-ACF2-1A88FC82532F}.Debug|Any CPU.ActiveCfg = Debug|Any CPU
		{63A7B185-62C3-47EC-ACF2-1A88FC82532F}.Debug|Any CPU.Build.0 = Debug|Any CPU
		{63A7B185-62C3-47EC-ACF2-1A88FC82532F}.Release|Any CPU.ActiveCfg = Release|Any CPU
		{63A7B185-62C3-47EC-ACF2-1A88FC82532F}.Release|Any CPU.Build.0 = Release|Any CPU
	EndGlobalSection
	GlobalSection(SolutionProperties) = preSolution
		HideSolutionNode = FALSE
	EndGlobalSection
	GlobalSection(ExtensibilityGlobals) = postSolution
		SolutionGuid = {A87CFF5A-7F4B-4C3C-ADF4-BC1A6B2E149F}
	EndGlobalSection
EndGlobal
